
Microsoft Visual Studio Solution File, Format Version 12.00
# Visual Studio Version 17
VisualStudioVersion = 17.1.32414.318
MinimumVisualStudioVersion = 10.0.40219.1
Project("{FAE04EC0-301F-11D3-BF4B-00C04F79EFBC}") = "Project5", "Project5.csproj", "{F076EC62-12D9-4175-8673-8263EA712EAF}"
EndProject
Global
	GlobalSection(SolutionConfigurationPlatforms) = preSolution
		Debug|Any CPU = Debug|Any CPU
		Release|Any CPU = Release|Any CPU
	EndGlobalSection
	GlobalSection(ProjectConfigurationPlatforms) = postSolution
		{F076EC62-12D9-4175-8673-8263EA712EAF}.Debug|Any CPU.ActiveCfg = Debug|Any CPU
		{F076EC62-12D9-4175-8673-8263EA712EAF}.Debug|Any CPU.Build.0 = Debug|Any CPU
		{F076EC62-12D9-4175-8673-8263EA712EAF}.Release|Any CPU.ActiveCfg = Release|Any CPU
		{F076EC62-12D9-4175-8673-8263EA712EAF}.Release|Any CPU.Build.0 = Release|Any CPU
	EndGlobalSection
	GlobalSection(SolutionProperties) = preSolution
		HideSolutionNode = FALSE
	EndGlobalSection
	GlobalSection(ExtensibilityGlobals) = postSolution
		SolutionGuid = {5AE60DC8-110A-41C4-906D-CB04011FE0C1}
	EndGlobalSection
EndGlobal
